
Microsoft Visual Studio Solution File, Format Version 12.00
# Visual Studio Version 17
VisualStudioVersion = 17.10.34928.147
MinimumVisualStudioVersion = 10.0.40219.1
Project("{FAE04EC0-301F-11D3-BF4B-00C04F79EFBC}") = "Filmlibrary", "Filmlibrary.csproj", "{AF5BDAE9-5473-41D4-9D73-BB36D414F19D}"
EndProject
Project("{2150E333-8FDC-42A3-9474-1A3956D46DE8}") = "References", "References", "{93946B8F-3682-40DE-ABFF-C98CEF4FF8FC}"
EndProject
Global
	GlobalSection(SolutionConfigurationPlatforms) = preSolution
		Debug|Any CPU = Debug|Any CPU
		Release|Any CPU = Release|Any CPU
	EndGlobalSection
	GlobalSection(ProjectConfigurationPlatforms) = postSolution
		{AF5BDAE9-5473-41D4-9D73-BB36D414F19D}.Debug|Any CPU.ActiveCfg = Debug|Any CPU
		{AF5BDAE9-5473-41D4-9D73-BB36D414F19D}.Debug|Any CPU.Build.0 = Debug|Any CPU
		{AF5BDAE9-5473-41D4-9D73-BB36D414F19D}.Release|Any CPU.ActiveCfg = Release|Any CPU
		{AF5BDAE9-5473-41D4-9D73-BB36D414F19D}.Release|Any CPU.Build.0 = Release|Any CPU
	EndGlobalSection
	GlobalSection(SolutionProperties) = preSolution
		HideSolutionNode = FALSE
	EndGlobalSection
	GlobalSection(ExtensibilityGlobals) = postSolution
		SolutionGuid = {6D5A36A7-3D3B-4543-B925-ABF10EE05428}
	EndGlobalSection
EndGlobal
